
Microsoft Visual Studio Solution File, Format Version 12.00
# Visual Studio Version 17
VisualStudioVersion = 17.9.34607.119
MinimumVisualStudioVersion = 10.0.40219.1
Project("{FAE04EC0-301F-11D3-BF4B-00C04F79EFBC}") = "EmployeePortal.Web", "EmployeePortal.Web\EmployeePortal.Web.csproj", "{DF6A7E05-5643-4332-A0F7-49D041B4ACA9}"
EndProject
Global
	GlobalSection(SolutionConfigurationPlatforms) = preSolution
		Debug|Any CPU = Debug|Any CPU
		Release|Any CPU = Release|Any CPU
	EndGlobalSection
	GlobalSection(ProjectConfigurationPlatforms) = postSolution
		{DF6A7E05-5643-4332-A0F7-49D041B4ACA9}.Debug|Any CPU.ActiveCfg = Debug|Any CPU
		{DF6A7E05-5643-4332-A0F7-49D041B4ACA9}.Debug|Any CPU.Build.0 = Debug|Any CPU
		{DF6A7E05-5643-4332-A0F7-49D041B4ACA9}.Release|Any CPU.ActiveCfg = Release|Any CPU
		{DF6A7E05-5643-4332-A0F7-49D041B4ACA9}.Release|Any CPU.Build.0 = Release|Any CPU
	EndGlobalSection
	GlobalSection(SolutionProperties) = preSolution
		HideSolutionNode = FALSE
	EndGlobalSection
	GlobalSection(ExtensibilityGlobals) = postSolution
		SolutionGuid = {DD4848E9-4CF8-4A62-B04F-C369388AED22}
	EndGlobalSection
EndGlobal
